
Microsoft Visual Studio Solution File, Format Version 12.00
# Visual Studio 15
VisualStudioVersion = 15.0.27703.2047
MinimumVisualStudioVersion = 10.0.40219.1
Project("{9A19103F-16F7-4668-BE54-9A1E7A4F7556}") = "rrApiTester.Web", "rrApiTester.Web\rrApiTester.Web.csproj", "{2A2A3C23-1A7C-4F6A-B433-3885A51DA026}"
EndProject
Project("{FAE04EC0-301F-11D3-BF4B-00C04F79EFBC}") = "rr.Logger", "rr.Logger\rr.Logger.csproj", "{9B0E55FB-A550-4375-8DA7-1DE271B391A7}"
EndProject
Project("{FAE04EC0-301F-11D3-BF4B-00C04F79EFBC}") = "rr.LoggerBase", "rr.LoggerBase\rr.LoggerBase.csproj", "{48A438EB-43B3-4A1F-A64B-8B9C4A282BE3}"
EndProject
Project("{FAE04EC0-301F-11D3-BF4B-00C04F79EFBC}") = "rr.FileLogger", "rr.FileLogger\rr.FileLogger.csproj", "{5926CD73-FFCE-4F6B-92F2-68532A8B51A1}"
EndProject
Project("{FAE04EC0-301F-11D3-BF4B-00C04F79EFBC}") = "rr.DebugLogger", "rr.DebugLogger\rr.DebugLogger.csproj", "{A4F690F1-3FFD-42B7-99EC-29E64E7419E1}"
EndProject
Project("{FAE04EC0-301F-11D3-BF4B-00C04F79EFBC}") = "rr.ConsoleLogger", "rr.ConsoleLogger\rr.ConsoleLogger.csproj", "{EEB390FB-608B-4CFB-9733-E93BE28D4840}"
EndProject
Project("{2150E333-8FDC-42A3-9474-1A3956D46DE8}") = "rr", "rr", "{4A9B61AB-F288-4D80-83CB-E52D9230192C}"
EndProject
Global
	GlobalSection(SolutionConfigurationPlatforms) = preSolution
		Debug|Any CPU = Debug|Any CPU
		Release|Any CPU = Release|Any CPU
	EndGlobalSection
	GlobalSection(ProjectConfigurationPlatforms) = postSolution
		{2A2A3C23-1A7C-4F6A-B433-3885A51DA026}.Debug|Any CPU.ActiveCfg = Debug|Any CPU
		{2A2A3C23-1A7C-4F6A-B433-3885A51DA026}.Debug|Any CPU.Build.0 = Debug|Any CPU
		{2A2A3C23-1A7C-4F6A-B433-3885A51DA026}.Release|Any CPU.ActiveCfg = Release|Any CPU
		{2A2A3C23-1A7C-4F6A-B433-3885A51DA026}.Release|Any CPU.Build.0 = Release|Any CPU
		{9B0E55FB-A550-4375-8DA7-1DE271B391A7}.Debug|Any CPU.ActiveCfg = Debug|Any CPU
		{9B0E55FB-A550-4375-8DA7-1DE271B391A7}.Debug|Any CPU.Build.0 = Debug|Any CPU
		{9B0E55FB-A550-4375-8DA7-1DE271B391A7}.Release|Any CPU.ActiveCfg = Release|Any CPU
		{9B0E55FB-A550-4375-8DA7-1DE271B391A7}.Release|Any CPU.Build.0 = Release|Any CPU
		{48A438EB-43B3-4A1F-A64B-8B9C4A282BE3}.Debug|Any CPU.ActiveCfg = Debug|Any CPU
		{48A438EB-43B3-4A1F-A64B-8B9C4A282BE3}.Debug|Any CPU.Build.0 = Debug|Any CPU
		{48A438EB-43B3-4A1F-A64B-8B9C4A282BE3}.Release|Any CPU.ActiveCfg = Release|Any CPU
		{48A438EB-43B3-4A1F-A64B-8B9C4A282BE3}.Release|Any CPU.Build.0 = Release|Any CPU
		{5926CD73-FFCE-4F6B-92F2-68532A8B51A1}.Debug|Any CPU.ActiveCfg = Debug|Any CPU
		{5926CD73-FFCE-4F6B-92F2-68532A8B51A1}.Debug|Any CPU.Build.0 = Debug|Any CPU
		{5926CD73-FFCE-4F6B-92F2-68532A8B51A1}.Release|Any CPU.ActiveCfg = Release|Any CPU
		{5926CD73-FFCE-4F6B-92F2-68532A8B51A1}.Release|Any CPU.Build.0 = Release|Any CPU
		{A4F690F1-3FFD-42B7-99EC-29E64E7419E1}.Debug|Any CPU.ActiveCfg = Debug|Any CPU
		{A4F690F1-3FFD-42B7-99EC-29E64E7419E1}.Debug|Any CPU.Build.0 = Debug|Any CPU
		{A4F690F1-3FFD-42B7-99EC-29E64E7419E1}.Release|Any CPU.ActiveCfg = Release|Any CPU
		{A4F690F1-3FFD-42B7-99EC-29E64E7419E1}.Release|Any CPU.Build.0 = Release|Any CPU
		{EEB390FB-608B-4CFB-9733-E93BE28D4840}.Debug|Any CPU.ActiveCfg = Debug|Any CPU
		{EEB390FB-608B-4CFB-9733-E93BE28D4840}.Debug|Any CPU.Build.0 = Debug|Any CPU
		{EEB390FB-608B-4CFB-9733-E93BE28D4840}.Release|Any CPU.ActiveCfg = Release|Any CPU
		{EEB390FB-608B-4CFB-9733-E93BE28D4840}.Release|Any CPU.Build.0 = Release|Any CPU
	EndGlobalSection
	GlobalSection(SolutionProperties) = preSolution
		HideSolutionNode = FALSE
	EndGlobalSection
	GlobalSection(NestedProjects) = preSolution
		{9B0E55FB-A550-4375-8DA7-1DE271B391A7} = {4A9B61AB-F288-4D80-83CB-E52D9230192C}
		{48A438EB-43B3-4A1F-A64B-8B9C4A282BE3} = {4A9B61AB-F288-4D80-83CB-E52D9230192C}
		{5926CD73-FFCE-4F6B-92F2-68532A8B51A1} = {4A9B61AB-F288-4D80-83CB-E52D9230192C}
		{A4F690F1-3FFD-42B7-99EC-29E64E7419E1} = {4A9B61AB-F288-4D80-83CB-E52D9230192C}
		{EEB390FB-608B-4CFB-9733-E93BE28D4840} = {4A9B61AB-F288-4D80-83CB-E52D9230192C}
	EndGlobalSection
	GlobalSection(ExtensibilityGlobals) = postSolution
		SolutionGuid = {F517292D-3F5B-45D4-B477-06FBAEDFC3F9}
	EndGlobalSection
EndGlobal
